// !$*UTF8*$!
{
	archiveVersion = 1;
	classes = {
	};
	objectVersion = 46;
	objects = {

/* Begin PBXBuildFile section */
		0DB32BC11D814B1C00C9C14F /* AppDelegate.swift in Sources */ = {isa = PBXBuildFile; fileRef = 0DB32BC01D814B1C00C9C14F /* AppDelegate.swift */; };
		0DB32BC31D814B1C00C9C14F /* ViewController.swift in Sources */ = {isa = PBXBuildFile; fileRef = 0DB32BC21D814B1C00C9C14F /* ViewController.swift */; };
		0DB32BC61D814B1C00C9C14F /* Main.storyboard in Resources */ = {isa = PBXBuildFile; fileRef = 0DB32BC41D814B1C00C9C14F /* Main.storyboard */; };
		0DB32BC81D814B1C00C9C14F /* Assets.xcassets in Resources */ = {isa = PBXBuildFile; fileRef = 0DB32BC71D814B1C00C9C14F /* Assets.xcassets */; };
		0DB32BCB1D814B1C00C9C14F /* LaunchScreen.storyboard in Resources */ = {isa = PBXBuildFile; fileRef = 0DB32BC91D814B1C00C9C14F /* LaunchScreen.storyboard */; };
		0DF27C271D8161AD005DEB4B /* pokemon.csv in Resources */ = {isa = PBXBuildFile; fileRef = 0DF27C261D8161AD005DEB4B /* pokemon.csv */; };
		2CDE0874130A936F469463C9 /* Pods_pokedex3.framework in Frameworks */ = {isa = PBXBuildFile; fileRef = 473B1A03B556C1549ADA4E7E /* Pods_pokedex3.framework */; };
/* End PBXBuildFile section */

/* Begin PBXFileReference section */
		0DB32BBD1D814B1C00C9C14F /* pokedex3.app */ = {isa = PBXFileReference; explicitFileType = wrapper.application; includeInIndex = 0; path = pokedex3.app; sourceTree = BUILT_PRODUCTS_DIR; };
		0DB32BC01D814B1C00C9C14F /* AppDelegate.swift */ = {isa = PBXFileReference; lastKnownFileType = sourcecode.swift; path = AppDelegate.swift; sourceTree = "<group>"; };
		0DB32BC21D814B1C00C9C14F /* ViewController.swift */ = {isa = PBXFileReference; lastKnownFileType = sourcecode.swift; path = ViewController.swift; sourceTree = "<group>"; };
		0DB32BC51D814B1C00C9C14F /* Base */ = {isa = PBXFileReference; lastKnownFileType = file.storyboard; name = Base; path = Base.lproj/Main.storyboard; sourceTree = "<group>"; };
		0DB32BC71D814B1C00C9C14F /* Assets.xcassets */ = {isa = PBXFileReference; lastKnownFileType = folder.assetcatalog; path = Assets.xcassets; sourceTree = "<group>"; };
		0DB32BCA1D814B1C00C9C14F /* Base */ = {isa = PBXFileReference; lastKnownFileType = file.storyboard; name = Base; path = Base.lproj/LaunchScreen.storyboard; sourceTree = "<group>"; };
		0DB32BCC1D814B1C00C9C14F /* Info.plist */ = {isa = PBXFileReference; lastKnownFileType = text.plist.xml; path = Info.plist; sourceTree = "<group>"; };
		0DF27C261D8161AD005DEB4B /* pokemon.csv */ = {isa = PBXFileReference; fileEncoding = 4; lastKnownFileType = text; path = pokemon.csv; sourceTree = "<group>"; };
		473B1A03B556C1549ADA4E7E /* Pods_pokedex3.framework */ = {isa = PBXFileReference; explicitFileType = wrapper.framework; includeInIndex = 0; path = Pods_pokedex3.framework; sourceTree = BUILT_PRODUCTS_DIR; };
		6A9362975066688603C56046 /* Pods-pokedex3.release.xcconfig */ = {isa = PBXFileReference; includeInIndex = 1; lastKnownFileType = text.xcconfig; name = "Pods-pokedex3.release.xcconfig"; path = "Pods/Target Support Files/Pods-pokedex3/Pods-pokedex3.release.xcconfig"; sourceTree = "<group>"; };
		D7A2E51D7B6A0DB1CCAA56CC /* Pods-pokedex3.debug.xcconfig */ = {isa = PBXFileReference; includeInIndex = 1; lastKnownFileType = text.xcconfig; name = "Pods-pokedex3.debug.xcconfig"; path = "Pods/Target Support Files/Pods-pokedex3/Pods-pokedex3.debug.xcconfig"; sourceTree = "<group>"; };
/* End PBXFileReference section */

/* Begin PBXFrameworksBuildPhase section */
		0DB32BBA1D814B1C00C9C14F /* Frameworks */ = {
			isa = PBXFrameworksBuildPhase;
			buildActionMask = 2147483647;
			files = (
				2CDE0874130A936F469463C9 /* Pods_pokedex3.framework in Frameworks */,
			);
			runOnlyForDeploymentPostprocessing = 0;
		};
/* End PBXFrameworksBuildPhase section */

/* Begin PBXGroup section */
		0DB32BB41D814B1C00C9C14F = {
			isa = PBXGroup;
			children = (
				0DB32BBF1D814B1C00C9C14F /* pokedex3 */,
				0DB32BBE1D814B1C00C9C14F /* Products */,
				D2AC9507E706DAC168421877 /* Pods */,
				E19237FFDFD441A107CCD6D4 /* Frameworks */,
			);
			sourceTree = "<group>";
		};
		0DB32BBE1D814B1C00C9C14F /* Products */ = {
			isa = PBXGroup;
			children = (
				0DB32BBD1D814B1C00C9C14F /* pokedex3.app */,
			);
			name = Products;
			sourceTree = "<group>";
		};
		0DB32BBF1D814B1C00C9C14F /* pokedex3 */ = {
			isa = PBXGroup;
			children = (
				0DB32BC01D814B1C00C9C14F /* AppDelegate.swift */,
				0DB32BC21D814B1C00C9C14F /* ViewController.swift */,
				0DB32BC41D814B1C00C9C14F /* Main.storyboard */,
				0DB32BC71D814B1C00C9C14F /* Assets.xcassets */,
				0DF27C261D8161AD005DEB4B /* pokemon.csv */,
				0DB32BC91D814B1C00C9C14F /* LaunchScreen.storyboard */,
				0DB32BCC1D814B1C00C9C14F /* Info.plist */,
			);
			path = pokedex3;
			sourceTree = "<group>";
		};
		D2AC9507E706DAC168421877 /* Pods */ = {
			isa = PBXGroup;
			children = (
				D7A2E51D7B6A0DB1CCAA56CC /* Pods-pokedex3.debug.xcconfig */,
				6A9362975066688603C56046 /* Pods-pokedex3.release.xcconfig */,
			);
			name = Pods;
			sourceTree = "<group>";
		};
		E19237FFDFD441A107CCD6D4 /* Frameworks */ = {
			isa = PBXGroup;
			children = (
				473B1A03B556C1549ADA4E7E /* Pods_pokedex3.framework */,
			);
			name = Frameworks;
			sourceTree = "<group>";
		};
/* End PBXGroup section */

/* Begin PBXNativeTarget section */
		0DB32BBC1D814B1C00C9C14F /* pokedex3 */ = {
			isa = PBXNativeTarget;
			buildConfigurationList = 0DB32BCF1D814B1C00C9C14F /* Build configuration list for PBXNativeTarget "pokedex3" */;
			buildPhases = (
				5BC78F69457657F5906C08C3 /* [CP] Check Pods Manifest.lock */,
				0DB32BB91D814B1C00C9C14F /* Sources */,
				0DB32BBA1D814B1C00C9C14F /* Frameworks */,
				0DB32BBB1D814B1C00C9C14F /* Resources */,
				3826E1F0A38CB9433FE0A480 /* [CP] Embed Pods Frameworks */,
				968ABDFE455E5E80B226ACB9 /* [CP] Copy Pods Resources */,
			);
			buildRules = (
			);
			dependencies = (
			);
			name = pokedex3;
			productName = pokedex3;
			productReference = 0DB32BBD1D814B1C00C9C14F /* pokedex3.app */;
			productType = "com.apple.product-type.application";
		};
/* End PBXNativeTarget section */

/* Begin PBXProject section */
		0DB32BB51D814B1C00C9C14F /* Project object */ = {
			isa = PBXProject;
			attributes = {
				LastSwiftUpdateCheck = 0800;
				LastUpgradeCheck = 0800;
				ORGANIZATIONNAME = "松岡泰史";
				TargetAttributes = {
					0DB32BBC1D814B1C00C9C14F = {
						CreatedOnToolsVersion = 8.0;
						DevelopmentTeam = 35UT2GK62L;
						LastSwiftMigration = 0800;
						ProvisioningStyle = Automatic;
					};
				};
			};
			buildConfigurationList = 0DB32BB81D814B1C00C9C14F /* Build configuration list for PBXProject "pokedex3" */;
			compatibilityVersion = "Xcode 3.2";
			developmentRegion = English;
			hasScannedForEncodings = 0;
			knownRegions = (
				en,
				Base,
			);
			mainGroup = 0DB32BB41D814B1C00C9C14F;
			productRefGroup = 0DB32BBE1D814B1C00C9C14F /* Products */;
			projectDirPath = "";
			projectRoot = "";
			targets = (
				0DB32BBC1D814B1C00C9C14F /* pokedex3 */,
			);
		};
/* End PBXProject section */

/* Begin PBXResourcesBuildPhase section */
		0DB32BBB1D814B1C00C9C14F /* Resources */ = {
			isa = PBXResourcesBuildPhase;
			buildActionMask = 2147483647;
			files = (
				0DB32BCB1D814B1C00C9C14F /* LaunchScreen.storyboard in Resources */,
				0DB32BC81D814B1C00C9C14F /* Assets.xcassets in Resources */,
				0DF27C271D8161AD005DEB4B /* pokemon.csv in Resources */,
				0DB32BC61D814B1C00C9C14F /* Main.storyboard in Resources */,
			);
			runOnlyForDeploymentPostprocessing = 0;
		};
/* End PBXResourcesBuildPhase section */

/* Begin PBXShellScriptBuildPhase section */
		3826E1F0A38CB9433FE0A480 /* [CP] Embed Pods Frameworks */ = {
			isa = PBXShellScriptBuildPhase;
			buildActionMask = 2147483647;
			files = (
			);
			inputPaths = (
			);
			name = "[CP] Embed Pods Frameworks";
			outputPaths = (
			);
			runOnlyForDeploymentPostprocessing = 0;
			shellPath = /bin/sh;
			shellScript = "\"${SRCROOT}/Pods/Target Support Files/Pods-pokedex3/Pods-pokedex3-frameworks.sh\"\n";
			showEnvVarsInLog = 0;
		};
		5BC78F69457657F5906C08C3 /* [CP] Check Pods Manifest.lock */ = {
			isa = PBXShellScriptBuildPhase;
			buildActionMask = 2147483647;
			files = (
			);
			inputPaths = (
			);
			name = "[CP] Check Pods Manifest.lock";
			outputPaths = (
			);
			runOnlyForDeploymentPostprocessing = 0;
			shellPath = /bin/sh;
			shellScript = "diff \"${PODS_ROOT}/../Podfile.lock\" \"${PODS_ROOT}/Manifest.lock\" > /dev/null\nif [[ $? != 0 ]] ; then\n    cat << EOM\nerror: The sandbox is not in sync with the Podfile.lock. Run 'pod install' or update your CocoaPods installation.\nEOM\n    exit 1\nfi\n";
			showEnvVarsInLog = 0;
		};
		968ABDFE455E5E80B226ACB9 /* [CP] Copy Pods Resources */ = {
			isa = PBXShellScriptBuildPhase;
			buildActionMask = 2147483647;
			files = (
			);
			inputPaths = (
			);
			name = "[CP] Copy Pods Resources";
			outputPaths = (
			);
			runOnlyForDeploymentPostprocessing = 0;
			shellPath = /bin/sh;
			shellScript = "\"${SRCROOT}/Pods/Target Support Files/Pods-pokedex3/Pods-pokedex3-resources.sh\"\n";
			showEnvVarsInLog = 0;
		};
/* End PBXShellScriptBuildPhase section */

/* Begin PBXSourcesBuildPhase section */
		0DB32BB91D814B1C00C9C14F /* Sources */ = {
			isa = PBXSourcesBuildPhase;
			buildActionMask = 2147483647;
			files = (
				0DB32BC31D814B1C00C9C14F /* ViewController.swift in Sources */,
				0DB32BC11D814B1C00C9C14F /* AppDelegate.swift in Sources */,
			);
			runOnlyForDeploymentPostprocessing = 0;
		};
/* End PBXSourcesBuildPhase section */

/* Begin PBXVariantGroup section */
		0DB32BC41D814B1C00C9C14F /* Main.storyboard */ = {
			isa = PBXVariantGroup;
			children = (
				0DB32BC51D814B1C00C9C14F /* Base */,
			);
			name = Main.storyboard;
			sourceTree = "<group>";
		};
		0DB32BC91D814B1C00C9C14F /* LaunchScreen.storyboard */ = {
			isa = PBXVariantGroup;
			children = (
				0DB32BCA1D814B1C00C9C14F /* Base */,
			);
			name = LaunchScreen.storyboard;
			sourceTree = "<group>";
		};
/* End PBXVariantGroup section */

/* Begin XCBuildConfiguration section */
		0DB32BCD1D814B1C00C9C14F /* Debug */ = {
			isa = XCBuildConfiguration;
			buildSettings = {
				ALWAYS_SEARCH_USER_PATHS = NO;
				CLANG_ANALYZER_NONNULL = YES;
				CLANG_CXX_LANGUAGE_STANDARD = "gnu++0x";
				CLANG_CXX_LIBRARY = "libc++";
				CLANG_ENABLE_MODULES = YES;
				CLANG_ENABLE_OBJC_ARC = YES;
				CLANG_WARN_BOOL_CONVERSION = YES;
				CLANG_WARN_CONSTANT_CONVERSION = YES;
				CLANG_WARN_DIRECT_OBJC_ISA_USAGE = YES_ERROR;
				CLANG_WARN_DOCUMENTATION_COMMENTS = YES;
				CLANG_WARN_EMPTY_BODY = YES;
				CLANG_WARN_ENUM_CONVERSION = YES;
				CLANG_WARN_INFINITE_RECURSION = YES;
				CLANG_WARN_INT_CONVERSION = YES;
				CLANG_WARN_OBJC_ROOT_CLASS = YES_ERROR;
				CLANG_WARN_SUSPICIOUS_MOVE = YES;
				CLANG_WARN_SUSPICIOUS_MOVES = YES;
				CLANG_WARN_UNREACHABLE_CODE = YES;
				CLANG_WARN__DUPLICATE_METHOD_MATCH = YES;
				"CODE_SIGN_IDENTITY[sdk=iphoneos*]" = "iPhone Developer";
				COPY_PHASE_STRIP = NO;
				DEBUG_INFORMATION_FORMAT = dwarf;
				ENABLE_STRICT_OBJC_MSGSEND = YES;
				ENABLE_TESTABILITY = YES;
				GCC_C_LANGUAGE_STANDARD = gnu99;
				GCC_DYNAMIC_NO_PIC = NO;
				GCC_NO_COMMON_BLOCKS = YES;
				GCC_OPTIMIZATION_LEVEL = 0;
				GCC_PREPROCESSOR_DEFINITIONS = (
					"DEBUG=1",
					"$(inherited)",
				);
				GCC_WARN_64_TO_32_BIT_CONVERSION = YES;
				GCC_WARN_ABOUT_RETURN_TYPE = YES_ERROR;
				GCC_WARN_UNDECLARED_SELECTOR = YES;
				GCC_WARN_UNINITIALIZED_AUTOS = YES_AGGRESSIVE;
				GCC_WARN_UNUSED_FUNCTION = YES;
				GCC_WARN_UNUSED_VARIABLE = YES;
				IPHONEOS_DEPLOYMENT_TARGET = 10.0;
				MTL_ENABLE_DEBUG_INFO = YES;
				ONLY_ACTIVE_ARCH = YES;
				SDKROOT = iphoneos;
				SWIFT_ACTIVE_COMPILATION_CONDITIONS = DEBUG;
				SWIFT_OPTIMIZATION_LEVEL = "-Onone";
			};
			name = Debug;
		};
		0DB32BCE1D814B1C00C9C14F /* Release */ = {
			isa = XCBuildConfiguration;
			buildSettings = {
				ALWAYS_SEARCH_USER_PATHS = NO;
				CLANG_ANALYZER_NONNULL = YES;
				CLANG_CXX_LANGUAGE_STANDARD = "gnu++0x";
				CLANG_CXX_LIBRARY = "libc++";
				CLANG_ENABLE_MODULES = YES;
				CLANG_ENABLE_OBJC_ARC = YES;
				CLANG_WARN_BOOL_CONVERSION = YES;
				CLANG_WARN_CONSTANT_CONVERSION = YES;
				CLANG_WARN_DIRECT_OBJC_ISA_USAGE = YES_ERROR;
				CLANG_WARN_DOCUMENTATION_COMMENTS = YES;
				CLANG_WARN_EMPTY_BODY = YES;
				CLANG_WARN_ENUM_CONVERSION = YES;
				CLANG_WARN_INFINITE_RECURSION = YES;
				CLANG_WARN_INT_CONVERSION = YES;
				CLANG_WARN_OBJC_ROOT_CLASS = YES_ERROR;
				CLANG_WARN_SUSPICIOUS_MOVE = YES;
				CLANG_WARN_SUSPICIOUS_MOVES = YES;
				CLANG_WARN_UNREACHABLE_CODE = YES;
				CLANG_WARN__DUPLICATE_METHOD_MATCH = YES;
				"CODE_SIGN_IDENTITY[sdk=iphoneos*]" = "iPhone Developer";
				COPY_PHASE_STRIP = NO;
				DEBUG_INFORMATION_FORMAT = "dwarf-with-dsym";
				ENABLE_NS_ASSERTIONS = NO;
				ENABLE_STRICT_OBJC_MSGSEND = YES;
				GCC_C_LANGUAGE_STANDARD = gnu99;
				GCC_NO_COMMON_BLOCKS = YES;
				GCC_WARN_64_TO_32_BIT_CONVERSION = YES;
				GCC_WARN_ABOUT_RETURN_TYPE = YES_ERROR;
				GCC_WARN_UNDECLARED_SELECTOR = YES;
				GCC_WARN_UNINITIALIZED_AUTOS = YES_AGGRESSIVE;
				GCC_WARN_UNUSED_FUNCTION = YES;
				GCC_WARN_UNUSED_VARIABLE = YES;
				IPHONEOS_DEPLOYMENT_TARGET = 10.0;
				MTL_ENABLE_DEBUG_INFO = NO;
				SDKROOT = iphoneos;
				SWIFT_OPTIMIZATION_LEVEL = "-Owholemodule";
				VALIDATE_PRODUCT = YES;
			};
			name = Release;
		};
		0DB32BD01D814B1C00C9C14F /* Debug */ = {
			isa = XCBuildConfiguration;
			baseConfigurationReference = D7A2E51D7B6A0DB1CCAA56CC /* Pods-pokedex3.debug.xcconfig */;
			buildSettings = {
				ALWAYS_EMBED_SWIFT_STANDARD_LIBRARIES = YES;
				ASSETCATALOG_COMPILER_APPICON_NAME = AppIcon;
				DEVELOPMENT_TEAM = 35UT2GK62L;
				INFOPLIST_FILE = pokedex3/Info.plist;
				LD_RUNPATH_SEARCH_PATHS = "$(inherited) @executable_path/Frameworks";
				PRODUCT_BUNDLE_IDENTIFIER = com.matsuoka.pokedex3;
				PRODUCT_NAME = "$(TARGET_NAME)";
				SWIFT_VERSION = 3.0;
			};
			name = Debug;
		};
		0DB32BD11D814B1C00C9C14F /* Release */ = {
			isa = XCBuildConfiguration;
			baseConfigurationReference = 6A9362975066688603C56046 /* Pods-pokedex3.release.xcconfig */;
			buildSettings = {
				ALWAYS_EMBED_SWIFT_STANDARD_LIBRARIES = YES;
				ASSETCATALOG_COMPILER_APPICON_NAME = AppIcon;
				DEVELOPMENT_TEAM = 35UT2GK62L;
				INFOPLIST_FILE = pokedex3/Info.plist;
				LD_RUNPATH_SEARCH_PATHS = "$(inherited) @executable_path/Frameworks";
				PRODUCT_BUNDLE_IDENTIFIER = com.matsuoka.pokedex3;
				PRODUCT_NAME = "$(TARGET_NAME)";
				SWIFT_VERSION = 3.0;
			};
			name = Release;
		};
/* End XCBuildConfiguration section */

/* Begin XCConfigurationList section */
		0DB32BB81D814B1C00C9C14F /* Build configuration list for PBXProject "pokedex3" */ = {
			isa = XCConfigurationList;
			buildConfigurations = (
				0DB32BCD1D814B1C00C9C14F /* Debug */,
				0DB32BCE1D814B1C00C9C14F /* Release */,
			);
			defaultConfigurationIsVisible = 0;
			defaultConfigurationName = Release;
		};
		0DB32BCF1D814B1C00C9C14F /* Build configuration list for PBXNativeTarget "pokedex3" */ = {
			isa = XCConfigurationList;
			buildConfigurations = (
				0DB32BD01D814B1C00C9C14F /* Debug */,
				0DB32BD11D814B1C00C9C14F /* Release */,
			);
			defaultConfigurationIsVisible = 0;
			defaultConfigurationName = Release;
		};
/* End XCConfigurationList section */
	};
	rootObject = 0DB32BB51D814B1C00C9C14F /* Project object */;
}
